<?xml version="1.0" encoding="utf-8"?>
<Project ToolsVersion="4.0" xmlns="http://schemas.microsoft.com/developer/msbuild/2003">
  <ItemGroup>
    <Filter Include="源文件">
      <UniqueIdentifier>{4FC737F1-C7A5-4376-A066-2A32D752A2FF}</UniqueIdentifier>
      <Extensions>cpp;c;cc;cxx;def;odl;idl;hpj;bat;asm;asmx</Extensions>
    </Filter>
    <Filter Include="头文件">
      <UniqueIdentifier>{93995380-89BD-4b04-88EB-625FBE52EBFB}</UniqueIdentifier>
      <Extensions>h;hh;hpp;hxx;hm;inl;inc;xsd</Extensions>
    </Filter>
    <Filter Include="资源文件">
      <UniqueIdentifier>{67DA6AB6-F800-4c08-8B7A-83BB121AAD01}</UniqueIdentifier>
      <Extensions>rc;ico;cur;bmp;dlg;rc2;rct;bin;rgs;gif;jpg;jpeg;jpe;resx;tiff;tif;png;wav;mfcribbon-ms</Extensions>
    </Filter>
  </ItemGroup>
  <ItemGroup>
    <ClInclude Include="Comm.hpp">
      <Filter>头文件</Filter>
    </ClInclude>
    <ClInclude Include="parkingMember.hpp">
      <Filter>头文件</Filter>
    </ClInclude>
    <ClInclude Include="parkingOperator.hpp">
      <Filter>头文件</Filter>
    </ClInclude>
    <ClInclude Include="amgraph.h">
      <Filter>头文件</Filter>
    </ClInclude>
    <ClInclude Include="AMGraph-impl.h">
      <Filter>头文件</Filter>
    </ClInclude>
    <ClInclude Include="matrixallocate.h">
      <Filter>头文件</Filter>
    </ClInclude>
    <ClInclude Include="Road.h">
      <Filter>头文件</Filter>
    </ClInclude>
    <ClInclude Include="coord.hpp">
      <Filter>头文件</Filter>
    </ClInclude>
    <ClInclude Include="parkingIsFree.hpp">
      <Filter>头文件</Filter>
    </ClInclude>
  </ItemGroup>
  <ItemGroup>
    <ClCompile Include="源.cpp">
      <Filter>源文件</Filter>
    </ClCompile>
  </ItemGroup>
  <ItemGroup>
    <Text Include="C:\Users\lenovo\Desktop\毕设\毕设源码\毕设server\毕设server\车位1.txt">
      <Filter>资源文件</Filter>
    </Text>
    <Text Include="C:\Users\lenovo\Desktop\毕设\毕设源码\毕设server\毕设server\车位2.txt">
      <Filter>资源文件</Filter>
    </Text>
    <Text Include="C:\Users\lenovo\Desktop\毕设\毕设源码\毕设server\毕设server\充电区.txt">
      <Filter>资源文件</Filter>
    </Text>
    <Text Include="C:\Users\lenovo\Desktop\毕设\毕设源码\毕设server\毕设server\充电区1.txt">
      <Filter>资源文件</Filter>
    </Text>
    <Text Include="C:\Users\lenovo\Desktop\毕设\毕设源码\毕设server\毕设server\充电区2.txt">
      <Filter>资源文件</Filter>
    </Text>
    <Text Include="C:\Users\lenovo\Desktop\毕设\毕设源码\毕设server\毕设server\共用车位.txt">
      <Filter>资源文件</Filter>
    </Text>
    <Text Include="C:\Users\lenovo\Desktop\毕设\毕设源码\毕设server\毕设server\区域线.txt">
      <Filter>资源文件</Filter>
    </Text>
    <Text Include="C:\Users\lenovo\Desktop\毕设\毕设源码\毕设server\毕设server\小车停靠区.txt">
      <Filter>资源文件</Filter>
    </Text>
    <Text Include="C:\Users\lenovo\Desktop\毕设\毕设源码\毕设server\毕设server\小车停靠区1.txt">
      <Filter>资源文件</Filter>
    </Text>
    <Text Include="C:\Users\lenovo\Desktop\毕设\毕设源码\毕设server\毕设server\小车停靠区2.txt">
      <Filter>资源文件</Filter>
    </Text>
    <Text Include="C:\Users\lenovo\Desktop\毕设\毕设源码\毕设server\毕设server\车位.txt">
      <Filter>资源文件</Filter>
    </Text>
    <Text Include="B线路.txt">
      <Filter>资源文件</Filter>
    </Text>
    <Text Include="B线路坐标.txt">
      <Filter>资源文件</Filter>
    </Text>
    <Text Include="功能共用车位.txt">
      <Filter>资源文件</Filter>
    </Text>
    <Text Include="功能B车位.txt">
      <Filter>资源文件</Filter>
    </Text>
    <Text Include="功能A车位.txt">
      <Filter>资源文件</Filter>
    </Text>
    <Text Include="B停靠.txt">
      <Filter>资源文件</Filter>
    </Text>
    <Text Include="B停靠坐标.txt">
      <Filter>资源文件</Filter>
    </Text>
    <Text Include="C:\Users\lenovo\Desktop\毕设\毕设源码\毕设server\毕设server\便道.txt">
      <Filter>资源文件</Filter>
    </Text>
  </ItemGroup>
</Project>